
Microsoft Visual Studio Solution File, Format Version 12.00
# Visual Studio Version 17
VisualStudioVersion = 17.8.34511.84
MinimumVisualStudioVersion = 10.0.40219.1
Project("{FAE04EC0-301F-11D3-BF4B-00C04F79EFBC}") = "FileExercises", "FileExercises\FileExercises.csproj", "{73B0A130-D977-4A2A-9A2A-15F8D3ACA21E}"
EndProject
Global
	GlobalSection(SolutionConfigurationPlatforms) = preSolution
		Debug|Any CPU = Debug|Any CPU
		Release|Any CPU = Release|Any CPU
	EndGlobalSection
	GlobalSection(ProjectConfigurationPlatforms) = postSolution
		{73B0A130-D977-4A2A-9A2A-15F8D3ACA21E}.Debug|Any CPU.ActiveCfg = Debug|Any CPU
		{73B0A130-D977-4A2A-9A2A-15F8D3ACA21E}.Debug|Any CPU.Build.0 = Debug|Any CPU
		{73B0A130-D977-4A2A-9A2A-15F8D3ACA21E}.Release|Any CPU.ActiveCfg = Release|Any CPU
		{73B0A130-D977-4A2A-9A2A-15F8D3ACA21E}.Release|Any CPU.Build.0 = Release|Any CPU
	EndGlobalSection
	GlobalSection(SolutionProperties) = preSolution
		HideSolutionNode = FALSE
	EndGlobalSection
	GlobalSection(ExtensibilityGlobals) = postSolution
		SolutionGuid = {A9C6DC8C-DFEB-48C3-86EC-DECDD2315B91}
	EndGlobalSection
EndGlobal
